// !$*UTF8*$!
{
	archiveVersion = 1;
	classes = {
	};
	objectVersion = 50;
	objects = {

/* Begin PBXBuildFile section */
		320BDD35267CEBE300F71A70 /* AppDelegate.swift in Sources */ = {isa = PBXBuildFile; fileRef = 320BDD34267CEBE300F71A70 /* AppDelegate.swift */; };
		320BDD37267CEBE300F71A70 /* SceneDelegate.swift in Sources */ = {isa = PBXBuildFile; fileRef = 320BDD36267CEBE300F71A70 /* SceneDelegate.swift */; };
		320BDD39267CEBE300F71A70 /* ViewController.swift in Sources */ = {isa = PBXBuildFile; fileRef = 320BDD38267CEBE300F71A70 /* ViewController.swift */; };
		320BDD3E267CEBE400F71A70 /* Assets.xcassets in Resources */ = {isa = PBXBuildFile; fileRef = 320BDD3D267CEBE400F71A70 /* Assets.xcassets */; };
		320BDD41267CEBE400F71A70 /* LaunchScreen.storyboard in Resources */ = {isa = PBXBuildFile; fileRef = 320BDD3F267CEBE400F71A70 /* LaunchScreen.storyboard */; };
		320BDD4C267CEBE500F71A70 /* PostMeTests.swift in Sources */ = {isa = PBXBuildFile; fileRef = 320BDD4B267CEBE500F71A70 /* PostMeTests.swift */; };
		320BDD57267CEBE500F71A70 /* PostMeUITests.swift in Sources */ = {isa = PBXBuildFile; fileRef = 320BDD56267CEBE500F71A70 /* PostMeUITests.swift */; };
		329C5FE7267ED610007E71EE /* ProfileModel.swift in Sources */ = {isa = PBXBuildFile; fileRef = 329C5FE6267ED610007E71EE /* ProfileModel.swift */; };
		32AF6EF5267D64A70038C157 /* FeedsViewController.swift in Sources */ = {isa = PBXBuildFile; fileRef = 32AF6EF4267D64A70038C157 /* FeedsViewController.swift */; };
		32AF6EF8267D65FF0038C157 /* FeedModel.swift in Sources */ = {isa = PBXBuildFile; fileRef = 32AF6EF7267D65FF0038C157 /* FeedModel.swift */; };
		32AF6EFA267D666F0038C157 /* ProfileViewController.swift in Sources */ = {isa = PBXBuildFile; fileRef = 32AF6EF9267D666F0038C157 /* ProfileViewController.swift */; };
		32AF6EFF267D6EDF0038C157 /* FeedsDetailViewController.swift in Sources */ = {isa = PBXBuildFile; fileRef = 32AF6EFE267D6EDF0038C157 /* FeedsDetailViewController.swift */; };
		32AF6F02267D6FB60038C157 /* FeedCell.swift in Sources */ = {isa = PBXBuildFile; fileRef = 32AF6F01267D6FB60038C157 /* FeedCell.swift */; };
/* End PBXBuildFile section */

/* Begin PBXContainerItemProxy section */
		320BDD48267CEBE500F71A70 /* PBXContainerItemProxy */ = {
			isa = PBXContainerItemProxy;
			containerPortal = 320BDD29267CEBE300F71A70 /* Project object */;
			proxyType = 1;
			remoteGlobalIDString = 320BDD30267CEBE300F71A70;
			remoteInfo = PostMe;
		};
		320BDD53267CEBE500F71A70 /* PBXContainerItemProxy */ = {
			isa = PBXContainerItemProxy;
			containerPortal = 320BDD29267CEBE300F71A70 /* Project object */;
			proxyType = 1;
			remoteGlobalIDString = 320BDD30267CEBE300F71A70;
			remoteInfo = PostMe;
		};
/* End PBXContainerItemProxy section */

/* Begin PBXFileReference section */
		320BDD31267CEBE300F71A70 /* PostMe.app */ = {isa = PBXFileReference; explicitFileType = wrapper.application; includeInIndex = 0; path = PostMe.app; sourceTree = BUILT_PRODUCTS_DIR; };
		320BDD34267CEBE300F71A70 /* AppDelegate.swift */ = {isa = PBXFileReference; lastKnownFileType = sourcecode.swift; path = AppDelegate.swift; sourceTree = "<group>"; };
		320BDD36267CEBE300F71A70 /* SceneDelegate.swift */ = {isa = PBXFileReference; lastKnownFileType = sourcecode.swift; path = SceneDelegate.swift; sourceTree = "<group>"; };
		320BDD38267CEBE300F71A70 /* ViewController.swift */ = {isa = PBXFileReference; lastKnownFileType = sourcecode.swift; path = ViewController.swift; sourceTree = "<group>"; };
		320BDD3D267CEBE400F71A70 /* Assets.xcassets */ = {isa = PBXFileReference; lastKnownFileType = folder.assetcatalog; path = Assets.xcassets; sourceTree = "<group>"; };
		320BDD40267CEBE400F71A70 /* Base */ = {isa = PBXFileReference; lastKnownFileType = file.storyboard; name = Base; path = Base.lproj/LaunchScreen.storyboard; sourceTree = "<group>"; };
		320BDD42267CEBE400F71A70 /* Info.plist */ = {isa = PBXFileReference; lastKnownFileType = text.plist.xml; path = Info.plist; sourceTree = "<group>"; };
		320BDD47267CEBE500F71A70 /* PostMeTests.xctest */ = {isa = PBXFileReference; explicitFileType = wrapper.cfbundle; includeInIndex = 0; path = PostMeTests.xctest; sourceTree = BUILT_PRODUCTS_DIR; };
		320BDD4B267CEBE500F71A70 /* PostMeTests.swift */ = {isa = PBXFileReference; lastKnownFileType = sourcecode.swift; path = PostMeTests.swift; sourceTree = "<group>"; };
		320BDD4D267CEBE500F71A70 /* Info.plist */ = {isa = PBXFileReference; lastKnownFileType = text.plist.xml; path = Info.plist; sourceTree = "<group>"; };
		320BDD52267CEBE500F71A70 /* PostMeUITests.xctest */ = {isa = PBXFileReference; explicitFileType = wrapper.cfbundle; includeInIndex = 0; path = PostMeUITests.xctest; sourceTree = BUILT_PRODUCTS_DIR; };
		320BDD56267CEBE500F71A70 /* PostMeUITests.swift */ = {isa = PBXFileReference; lastKnownFileType = sourcecode.swift; path = PostMeUITests.swift; sourceTree = "<group>"; };
		320BDD58267CEBE500F71A70 /* Info.plist */ = {isa = PBXFileReference; lastKnownFileType = text.plist.xml; path = Info.plist; sourceTree = "<group>"; };
		329C5FE6267ED610007E71EE /* ProfileModel.swift */ = {isa = PBXFileReference; lastKnownFileType = sourcecode.swift; path = ProfileModel.swift; sourceTree = "<group>"; };
		32AF6EF4267D64A70038C157 /* FeedsViewController.swift */ = {isa = PBXFileReference; lastKnownFileType = sourcecode.swift; path = FeedsViewController.swift; sourceTree = "<group>"; };
		32AF6EF7267D65FF0038C157 /* FeedModel.swift */ = {isa = PBXFileReference; lastKnownFileType = sourcecode.swift; path = FeedModel.swift; sourceTree = "<group>"; };
		32AF6EF9267D666F0038C157 /* ProfileViewController.swift */ = {isa = PBXFileReference; lastKnownFileType = sourcecode.swift; path = ProfileViewController.swift; sourceTree = "<group>"; };
		32AF6EFE267D6EDF0038C157 /* FeedsDetailViewController.swift */ = {isa = PBXFileReference; lastKnownFileType = sourcecode.swift; path = FeedsDetailViewController.swift; sourceTree = "<group>"; };
		32AF6F01267D6FB60038C157 /* FeedCell.swift */ = {isa = PBXFileReference; lastKnownFileType = sourcecode.swift; path = FeedCell.swift; sourceTree = "<group>"; };
/* End PBXFileReference section */

/* Begin PBXFrameworksBuildPhase section */
		320BDD2E267CEBE300F71A70 /* Frameworks */ = {
			isa = PBXFrameworksBuildPhase;
			buildActionMask = 2147483647;
			files = (
			);
			runOnlyForDeploymentPostprocessing = 0;
		};
		320BDD44267CEBE500F71A70 /* Frameworks */ = {
			isa = PBXFrameworksBuildPhase;
			buildActionMask = 2147483647;
			files = (
			);
			runOnlyForDeploymentPostprocessing = 0;
		};
		320BDD4F267CEBE500F71A70 /* Frameworks */ = {
			isa = PBXFrameworksBuildPhase;
			buildActionMask = 2147483647;
			files = (
			);
			runOnlyForDeploymentPostprocessing = 0;
		};
/* End PBXFrameworksBuildPhase section */

/* Begin PBXGroup section */
		320BDD28267CEBE300F71A70 = {
			isa = PBXGroup;
			children = (
				320BDD33267CEBE300F71A70 /* PostMe */,
				320BDD4A267CEBE500F71A70 /* PostMeTests */,
				320BDD55267CEBE500F71A70 /* PostMeUITests */,
				320BDD32267CEBE300F71A70 /* Products */,
			);
			sourceTree = "<group>";
		};
		320BDD32267CEBE300F71A70 /* Products */ = {
			isa = PBXGroup;
			children = (
				320BDD31267CEBE300F71A70 /* PostMe.app */,
				320BDD47267CEBE500F71A70 /* PostMeTests.xctest */,
				320BDD52267CEBE500F71A70 /* PostMeUITests.xctest */,
			);
			name = Products;
			sourceTree = "<group>";
		};
		320BDD33267CEBE300F71A70 /* PostMe */ = {
			isa = PBXGroup;
			children = (
				32AF6F03267D964C0038C157 /* Api */,
				32AF6EF1267D64690038C157 /* Profile */,
				32AF6EF0267D64610038C157 /* Feed */,
				320BDD34267CEBE300F71A70 /* AppDelegate.swift */,
				320BDD36267CEBE300F71A70 /* SceneDelegate.swift */,
				320BDD38267CEBE300F71A70 /* ViewController.swift */,
				320BDD3D267CEBE400F71A70 /* Assets.xcassets */,
				320BDD3F267CEBE400F71A70 /* LaunchScreen.storyboard */,
				320BDD42267CEBE400F71A70 /* Info.plist */,
			);
			path = PostMe;
			sourceTree = "<group>";
		};
		320BDD4A267CEBE500F71A70 /* PostMeTests */ = {
			isa = PBXGroup;
			children = (
				320BDD4B267CEBE500F71A70 /* PostMeTests.swift */,
				320BDD4D267CEBE500F71A70 /* Info.plist */,
			);
			path = PostMeTests;
			sourceTree = "<group>";
		};
		320BDD55267CEBE500F71A70 /* PostMeUITests */ = {
			isa = PBXGroup;
			children = (
				320BDD56267CEBE500F71A70 /* PostMeUITests.swift */,
				320BDD58267CEBE500F71A70 /* Info.plist */,
			);
			path = PostMeUITests;
			sourceTree = "<group>";
		};
		329C5FE5267ED604007E71EE /* Model */ = {
			isa = PBXGroup;
			children = (
				329C5FE6267ED610007E71EE /* ProfileModel.swift */,
			);
			path = Model;
			sourceTree = "<group>";
		};
		32AF6EF0267D64610038C157 /* Feed */ = {
			isa = PBXGroup;
			children = (
				32AF6EF6267D65FA0038C157 /* Model */,
				32AF6EF3267D64730038C157 /* Detail */,
				32AF6EF2267D646E0038C157 /* List */,
			);
			path = Feed;
			sourceTree = "<group>";
		};
		32AF6EF1267D64690038C157 /* Profile */ = {
			isa = PBXGroup;
			children = (
				329C5FE5267ED604007E71EE /* Model */,
				32AF6EF9267D666F0038C157 /* ProfileViewController.swift */,
			);
			path = Profile;
			sourceTree = "<group>";
		};
		32AF6EF2267D646E0038C157 /* List */ = {
			isa = PBXGroup;
			children = (
				32AF6F00267D6FA60038C157 /* Subviews */,
				32AF6EF4267D64A70038C157 /* FeedsViewController.swift */,
			);
			path = List;
			sourceTree = "<group>";
		};
		32AF6EF3267D64730038C157 /* Detail */ = {
			isa = PBXGroup;
			children = (
				32AF6EFE267D6EDF0038C157 /* FeedsDetailViewController.swift */,
			);
			path = Detail;
			sourceTree = "<group>";
		};
		32AF6EF6267D65FA0038C157 /* Model */ = {
			isa = PBXGroup;
			children = (
				32AF6EF7267D65FF0038C157 /* FeedModel.swift */,
			);
			path = Model;
			sourceTree = "<group>";
		};
		32AF6F00267D6FA60038C157 /* Subviews */ = {
			isa = PBXGroup;
			children = (
				32AF6F01267D6FB60038C157 /* FeedCell.swift */,
			);
			path = Subviews;
			sourceTree = "<group>";
		};
		32AF6F03267D964C0038C157 /* Api */ = {
			isa = PBXGroup;
			children = (
			);
			path = Api;
			sourceTree = "<group>";
		};
/* End PBXGroup section */

/* Begin PBXNativeTarget section */
		320BDD30267CEBE300F71A70 /* PostMe */ = {
			isa = PBXNativeTarget;
			buildConfigurationList = 320BDD5B267CEBE500F71A70 /* Build configuration list for PBXNativeTarget "PostMe" */;
			buildPhases = (
				320BDD2D267CEBE300F71A70 /* Sources */,
				320BDD2E267CEBE300F71A70 /* Frameworks */,
				320BDD2F267CEBE300F71A70 /* Resources */,
			);
			buildRules = (
			);
			dependencies = (
			);
			name = PostMe;
			productName = PostMe;
			productReference = 320BDD31267CEBE300F71A70 /* PostMe.app */;
			productType = "com.apple.product-type.application";
		};
		320BDD46267CEBE500F71A70 /* PostMeTests */ = {
			isa = PBXNativeTarget;
			buildConfigurationList = 320BDD5E267CEBE500F71A70 /* Build configuration list for PBXNativeTarget "PostMeTests" */;
			buildPhases = (
				320BDD43267CEBE500F71A70 /* Sources */,
				320BDD44267CEBE500F71A70 /* Frameworks */,
				320BDD45267CEBE500F71A70 /* Resources */,
			);
			buildRules = (
			);
			dependencies = (
				320BDD49267CEBE500F71A70 /* PBXTargetDependency */,
			);
			name = PostMeTests;
			productName = PostMeTests;
			productReference = 320BDD47267CEBE500F71A70 /* PostMeTests.xctest */;
			productType = "com.apple.product-type.bundle.unit-test";
		};
		320BDD51267CEBE500F71A70 /* PostMeUITests */ = {
			isa = PBXNativeTarget;
			buildConfigurationList = 320BDD61267CEBE500F71A70 /* Build configuration list for PBXNativeTarget "PostMeUITests" */;
			buildPhases = (
				320BDD4E267CEBE500F71A70 /* Sources */,
				320BDD4F267CEBE500F71A70 /* Frameworks */,
				320BDD50267CEBE500F71A70 /* Resources */,
			);
			buildRules = (
			);
			dependencies = (
				320BDD54267CEBE500F71A70 /* PBXTargetDependency */,
			);
			name = PostMeUITests;
			productName = PostMeUITests;
			productReference = 320BDD52267CEBE500F71A70 /* PostMeUITests.xctest */;
			productType = "com.apple.product-type.bundle.ui-testing";
		};
/* End PBXNativeTarget section */

/* Begin PBXProject section */
		320BDD29267CEBE300F71A70 /* Project object */ = {
			isa = PBXProject;
			attributes = {
				LastSwiftUpdateCheck = 1250;
				LastUpgradeCheck = 1250;
				TargetAttributes = {
					320BDD30267CEBE300F71A70 = {
						CreatedOnToolsVersion = 12.5;
					};
					320BDD46267CEBE500F71A70 = {
						CreatedOnToolsVersion = 12.5;
						TestTargetID = 320BDD30267CEBE300F71A70;
					};
					320BDD51267CEBE500F71A70 = {
						CreatedOnToolsVersion = 12.5;
						TestTargetID = 320BDD30267CEBE300F71A70;
					};
				};
			};
			buildConfigurationList = 320BDD2C267CEBE300F71A70 /* Build configuration list for PBXProject "PostMe" */;
			compatibilityVersion = "Xcode 9.3";
			developmentRegion = en;
			hasScannedForEncodings = 0;
			knownRegions = (
				en,
				Base,
			);
			mainGroup = 320BDD28267CEBE300F71A70;
			productRefGroup = 320BDD32267CEBE300F71A70 /* Products */;
			projectDirPath = "";
			projectRoot = "";
			targets = (
				320BDD30267CEBE300F71A70 /* PostMe */,
				320BDD46267CEBE500F71A70 /* PostMeTests */,
				320BDD51267CEBE500F71A70 /* PostMeUITests */,
			);
		};
/* End PBXProject section */

/* Begin PBXResourcesBuildPhase section */
		320BDD2F267CEBE300F71A70 /* Resources */ = {
			isa = PBXResourcesBuildPhase;
			buildActionMask = 2147483647;
			files = (
				320BDD41267CEBE400F71A70 /* LaunchScreen.storyboard in Resources */,
				320BDD3E267CEBE400F71A70 /* Assets.xcassets in Resources */,
			);
			runOnlyForDeploymentPostprocessing = 0;
		};
		320BDD45267CEBE500F71A70 /* Resources */ = {
			isa = PBXResourcesBuildPhase;
			buildActionMask = 2147483647;
			files = (
			);
			runOnlyForDeploymentPostprocessing = 0;
		};
		320BDD50267CEBE500F71A70 /* Resources */ = {
			isa = PBXResourcesBuildPhase;
			buildActionMask = 2147483647;
			files = (
			);
			runOnlyForDeploymentPostprocessing = 0;
		};
/* End PBXResourcesBuildPhase section */

/* Begin PBXSourcesBuildPhase section */
		320BDD2D267CEBE300F71A70 /* Sources */ = {
			isa = PBXSourcesBuildPhase;
			buildActionMask = 2147483647;
			files = (
				329C5FE7267ED610007E71EE /* ProfileModel.swift in Sources */,
				32AF6EFA267D666F0038C157 /* ProfileViewController.swift in Sources */,
				320BDD39267CEBE300F71A70 /* ViewController.swift in Sources */,
				320BDD35267CEBE300F71A70 /* AppDelegate.swift in Sources */,
				32AF6EF8267D65FF0038C157 /* FeedModel.swift in Sources */,
				32AF6EF5267D64A70038C157 /* FeedsViewController.swift in Sources */,
				32AF6F02267D6FB60038C157 /* FeedCell.swift in Sources */,
				320BDD37267CEBE300F71A70 /* SceneDelegate.swift in Sources */,
				32AF6EFF267D6EDF0038C157 /* FeedsDetailViewController.swift in Sources */,
			);
			runOnlyForDeploymentPostprocessing = 0;
		};
		320BDD43267CEBE500F71A70 /* Sources */ = {
			isa = PBXSourcesBuildPhase;
			buildActionMask = 2147483647;
			files = (
				320BDD4C267CEBE500F71A70 /* PostMeTests.swift in Sources */,
			);
			runOnlyForDeploymentPostprocessing = 0;
		};
		320BDD4E267CEBE500F71A70 /* Sources */ = {
			isa = PBXSourcesBuildPhase;
			buildActionMask = 2147483647;
			files = (
				320BDD57267CEBE500F71A70 /* PostMeUITests.swift in Sources */,
			);
			runOnlyForDeploymentPostprocessing = 0;
		};
/* End PBXSourcesBuildPhase section */

/* Begin PBXTargetDependency section */
		320BDD49267CEBE500F71A70 /* PBXTargetDependency */ = {
			isa = PBXTargetDependency;
			target = 320BDD30267CEBE300F71A70 /* PostMe */;
			targetProxy = 320BDD48267CEBE500F71A70 /* PBXContainerItemProxy */;
		};
		320BDD54267CEBE500F71A70 /* PBXTargetDependency */ = {
			isa = PBXTargetDependency;
			target = 320BDD30267CEBE300F71A70 /* PostMe */;
			targetProxy = 320BDD53267CEBE500F71A70 /* PBXContainerItemProxy */;
		};
/* End PBXTargetDependency section */

/* Begin PBXVariantGroup section */
		320BDD3F267CEBE400F71A70 /* LaunchScreen.storyboard */ = {
			isa = PBXVariantGroup;
			children = (
				320BDD40267CEBE400F71A70 /* Base */,
			);
			name = LaunchScreen.storyboard;
			sourceTree = "<group>";
		};
/* End PBXVariantGroup section */

/* Begin XCBuildConfiguration section */
		320BDD59267CEBE500F71A70 /* Debug */ = {
			isa = XCBuildConfiguration;
			buildSettings = {
				ALWAYS_SEARCH_USER_PATHS = NO;
				CLANG_ANALYZER_NONNULL = YES;
				CLANG_ANALYZER_NUMBER_OBJECT_CONVERSION = YES_AGGRESSIVE;
				CLANG_CXX_LANGUAGE_STANDARD = "gnu++14";
				CLANG_CXX_LIBRARY = "libc++";
				CLANG_ENABLE_MODULES = YES;
				CLANG_ENABLE_OBJC_ARC = YES;
				CLANG_ENABLE_OBJC_WEAK = YES;
				CLANG_WARN_BLOCK_CAPTURE_AUTORELEASING = YES;
				CLANG_WARN_BOOL_CONVERSION = YES;
				CLANG_WARN_COMMA = YES;
				CLANG_WARN_CONSTANT_CONVERSION = YES;
				CLANG_WARN_DEPRECATED_OBJC_IMPLEMENTATIONS = YES;
				CLANG_WARN_DIRECT_OBJC_ISA_USAGE = YES_ERROR;
				CLANG_WARN_DOCUMENTATION_COMMENTS = YES;
				CLANG_WARN_EMPTY_BODY = YES;
				CLANG_WARN_ENUM_CONVERSION = YES;
				CLANG_WARN_INFINITE_RECURSION = YES;
				CLANG_WARN_INT_CONVERSION = YES;
				CLANG_WARN_NON_LITERAL_NULL_CONVERSION = YES;
				CLANG_WARN_OBJC_IMPLICIT_RETAIN_SELF = YES;
				CLANG_WARN_OBJC_LITERAL_CONVERSION = YES;
				CLANG_WARN_OBJC_ROOT_CLASS = YES_ERROR;
				CLANG_WARN_QUOTED_INCLUDE_IN_FRAMEWORK_HEADER = YES;
				CLANG_WARN_RANGE_LOOP_ANALYSIS = YES;
				CLANG_WARN_STRICT_PROTOTYPES = YES;
				CLANG_WARN_SUSPICIOUS_MOVE = YES;
				CLANG_WARN_UNGUARDED_AVAILABILITY = YES_AGGRESSIVE;
				CLANG_WARN_UNREACHABLE_CODE = YES;
				CLANG_WARN__DUPLICATE_METHOD_MATCH = YES;
				COPY_PHASE_STRIP = NO;
				DEBUG_INFORMATION_FORMAT = dwarf;
				ENABLE_STRICT_OBJC_MSGSEND = YES;
				ENABLE_TESTABILITY = YES;
				GCC_C_LANGUAGE_STANDARD = gnu11;
				GCC_DYNAMIC_NO_PIC = NO;
				GCC_NO_COMMON_BLOCKS = YES;
				GCC_OPTIMIZATION_LEVEL = 0;
				GCC_PREPROCESSOR_DEFINITIONS = (
					"DEBUG=1",
					"$(inherited)",
				);
				GCC_WARN_64_TO_32_BIT_CONVERSION = YES;
				GCC_WARN_ABOUT_RETURN_TYPE = YES_ERROR;
				GCC_WARN_UNDECLARED_SELECTOR = YES;
				GCC_WARN_UNINITIALIZED_AUTOS = YES_AGGRESSIVE;
				GCC_WARN_UNUSED_FUNCTION = YES;
				GCC_WARN_UNUSED_VARIABLE = YES;
				IPHONEOS_DEPLOYMENT_TARGET = 14.5;
				MTL_ENABLE_DEBUG_INFO = INCLUDE_SOURCE;
				MTL_FAST_MATH = YES;
				ONLY_ACTIVE_ARCH = YES;
				SDKROOT = iphoneos;
				SWIFT_ACTIVE_COMPILATION_CONDITIONS = DEBUG;
				SWIFT_OPTIMIZATION_LEVEL = "-Onone";
			};
			name = Debug;
		};
		320BDD5A267CEBE500F71A70 /* Release */ = {
			isa = XCBuildConfiguration;
			buildSettings = {
				ALWAYS_SEARCH_USER_PATHS = NO;
				CLANG_ANALYZER_NONNULL = YES;
				CLANG_ANALYZER_NUMBER_OBJECT_CONVERSION = YES_AGGRESSIVE;
				CLANG_CXX_LANGUAGE_STANDARD = "gnu++14";
				CLANG_CXX_LIBRARY = "libc++";
				CLANG_ENABLE_MODULES = YES;
				CLANG_ENABLE_OBJC_ARC = YES;
				CLANG_ENABLE_OBJC_WEAK = YES;
				CLANG_WARN_BLOCK_CAPTURE_AUTORELEASING = YES;
				CLANG_WARN_BOOL_CONVERSION = YES;
				CLANG_WARN_COMMA = YES;
				CLANG_WARN_CONSTANT_CONVERSION = YES;
				CLANG_WARN_DEPRECATED_OBJC_IMPLEMENTATIONS = YES;
				CLANG_WARN_DIRECT_OBJC_ISA_USAGE = YES_ERROR;
				CLANG_WARN_DOCUMENTATION_COMMENTS = YES;
				CLANG_WARN_EMPTY_BODY = YES;
				CLANG_WARN_ENUM_CONVERSION = YES;
				CLANG_WARN_INFINITE_RECURSION = YES;
				CLANG_WARN_INT_CONVERSION = YES;
				CLANG_WARN_NON_LITERAL_NULL_CONVERSION = YES;
				CLANG_WARN_OBJC_IMPLICIT_RETAIN_SELF = YES;
				CLANG_WARN_OBJC_LITERAL_CONVERSION = YES;
				CLANG_WARN_OBJC_ROOT_CLASS = YES_ERROR;
				CLANG_WARN_QUOTED_INCLUDE_IN_FRAMEWORK_HEADER = YES;
				CLANG_WARN_RANGE_LOOP_ANALYSIS = YES;
				CLANG_WARN_STRICT_PROTOTYPES = YES;
				CLANG_WARN_SUSPICIOUS_MOVE = YES;
				CLANG_WARN_UNGUARDED_AVAILABILITY = YES_AGGRESSIVE;
				CLANG_WARN_UNREACHABLE_CODE = YES;
				CLANG_WARN__DUPLICATE_METHOD_MATCH = YES;
				COPY_PHASE_STRIP = NO;
				DEBUG_INFORMATION_FORMAT = "dwarf-with-dsym";
				ENABLE_NS_ASSERTIONS = NO;
				ENABLE_STRICT_OBJC_MSGSEND = YES;
				GCC_C_LANGUAGE_STANDARD = gnu11;
				GCC_NO_COMMON_BLOCKS = YES;
				GCC_WARN_64_TO_32_BIT_CONVERSION = YES;
				GCC_WARN_ABOUT_RETURN_TYPE = YES_ERROR;
				GCC_WARN_UNDECLARED_SELECTOR = YES;
				GCC_WARN_UNINITIALIZED_AUTOS = YES_AGGRESSIVE;
				GCC_WARN_UNUSED_FUNCTION = YES;
				GCC_WARN_UNUSED_VARIABLE = YES;
				IPHONEOS_DEPLOYMENT_TARGET = 14.5;
				MTL_ENABLE_DEBUG_INFO = NO;
				MTL_FAST_MATH = YES;
				SDKROOT = iphoneos;
				SWIFT_COMPILATION_MODE = wholemodule;
				SWIFT_OPTIMIZATION_LEVEL = "-O";
				VALIDATE_PRODUCT = YES;
			};
			name = Release;
		};
		320BDD5C267CEBE500F71A70 /* Debug */ = {
			isa = XCBuildConfiguration;
			buildSettings = {
				ASSETCATALOG_COMPILER_APPICON_NAME = AppIcon;
				ASSETCATALOG_COMPILER_GLOBAL_ACCENT_COLOR_NAME = AccentColor;
				CODE_SIGN_STYLE = Automatic;
				DEVELOPMENT_TEAM = B8A8F3GGD6;
				INFOPLIST_FILE = PostMe/Info.plist;
				IPHONEOS_DEPLOYMENT_TARGET = 11.0;
				LD_RUNPATH_SEARCH_PATHS = (
					"$(inherited)",
					"@executable_path/Frameworks",
				);
				PRODUCT_BUNDLE_IDENTIFIER = com.azmimuhammad.PostMe;
				PRODUCT_NAME = "$(TARGET_NAME)";
				SWIFT_VERSION = 5.0;
				TARGETED_DEVICE_FAMILY = 1;
			};
			name = Debug;
		};
		320BDD5D267CEBE500F71A70 /* Release */ = {
			isa = XCBuildConfiguration;
			buildSettings = {
				ASSETCATALOG_COMPILER_APPICON_NAME = AppIcon;
				ASSETCATALOG_COMPILER_GLOBAL_ACCENT_COLOR_NAME = AccentColor;
				CODE_SIGN_STYLE = Automatic;
				DEVELOPMENT_TEAM = B8A8F3GGD6;
				INFOPLIST_FILE = PostMe/Info.plist;
				IPHONEOS_DEPLOYMENT_TARGET = 11.0;
				LD_RUNPATH_SEARCH_PATHS = (
					"$(inherited)",
					"@executable_path/Frameworks",
				);
				PRODUCT_BUNDLE_IDENTIFIER = com.azmimuhammad.PostMe;
				PRODUCT_NAME = "$(TARGET_NAME)";
				SWIFT_VERSION = 5.0;
				TARGETED_DEVICE_FAMILY = 1;
			};
			name = Release;
		};
		320BDD5F267CEBE500F71A70 /* Debug */ = {
			isa = XCBuildConfiguration;
			buildSettings = {
				ALWAYS_EMBED_SWIFT_STANDARD_LIBRARIES = YES;
				BUNDLE_LOADER = "$(TEST_HOST)";
				CODE_SIGN_STYLE = Automatic;
				DEVELOPMENT_TEAM = B8A8F3GGD6;
				INFOPLIST_FILE = PostMeTests/Info.plist;
				IPHONEOS_DEPLOYMENT_TARGET = 14.5;
				LD_RUNPATH_SEARCH_PATHS = (
					"$(inherited)",
					"@executable_path/Frameworks",
					"@loader_path/Frameworks",
				);
				PRODUCT_BUNDLE_IDENTIFIER = com.azmimuhammad.PostMeTests;
				PRODUCT_NAME = "$(TARGET_NAME)";
				SWIFT_VERSION = 5.0;
				TARGETED_DEVICE_FAMILY = "1,2";
				TEST_HOST = "$(BUILT_PRODUCTS_DIR)/PostMe.app/PostMe";
			};
			name = Debug;
		};
		320BDD60267CEBE500F71A70 /* Release */ = {
			isa = XCBuildConfiguration;
			buildSettings = {
				ALWAYS_EMBED_SWIFT_STANDARD_LIBRARIES = YES;
				BUNDLE_LOADER = "$(TEST_HOST)";
				CODE_SIGN_STYLE = Automatic;
				DEVELOPMENT_TEAM = B8A8F3GGD6;
				INFOPLIST_FILE = PostMeTests/Info.plist;
				IPHONEOS_DEPLOYMENT_TARGET = 14.5;
				LD_RUNPATH_SEARCH_PATHS = (
					"$(inherited)",
					"@executable_path/Frameworks",
					"@loader_path/Frameworks",
				);
				PRODUCT_BUNDLE_IDENTIFIER = com.azmimuhammad.PostMeTests;
				PRODUCT_NAME = "$(TARGET_NAME)";
				SWIFT_VERSION = 5.0;
				TARGETED_DEVICE_FAMILY = "1,2";
				TEST_HOST = "$(BUILT_PRODUCTS_DIR)/PostMe.app/PostMe";
			};
			name = Release;
		};
		320BDD62267CEBE500F71A70 /* Debug */ = {
			isa = XCBuildConfiguration;
			buildSettings = {
				ALWAYS_EMBED_SWIFT_STANDARD_LIBRARIES = YES;
				CODE_SIGN_STYLE = Automatic;
				DEVELOPMENT_TEAM = B8A8F3GGD6;
				INFOPLIST_FILE = PostMeUITests/Info.plist;
				LD_RUNPATH_SEARCH_PATHS = (
					"$(inherited)",
					"@executable_path/Frameworks",
					"@loader_path/Frameworks",
				);
				PRODUCT_BUNDLE_IDENTIFIER = com.azmimuhammad.PostMeUITests;
				PRODUCT_NAME = "$(TARGET_NAME)";
				SWIFT_VERSION = 5.0;
				TARGETED_DEVICE_FAMILY = "1,2";
				TEST_TARGET_NAME = PostMe;
			};
			name = Debug;
		};
		320BDD63267CEBE500F71A70 /* Release */ = {
			isa = XCBuildConfiguration;
			buildSettings = {
				ALWAYS_EMBED_SWIFT_STANDARD_LIBRARIES = YES;
				CODE_SIGN_STYLE = Automatic;
				DEVELOPMENT_TEAM = B8A8F3GGD6;
				INFOPLIST_FILE = PostMeUITests/Info.plist;
				LD_RUNPATH_SEARCH_PATHS = (
					"$(inherited)",
					"@executable_path/Frameworks",
					"@loader_path/Frameworks",
				);
				PRODUCT_BUNDLE_IDENTIFIER = com.azmimuhammad.PostMeUITests;
				PRODUCT_NAME = "$(TARGET_NAME)";
				SWIFT_VERSION = 5.0;
				TARGETED_DEVICE_FAMILY = "1,2";
				TEST_TARGET_NAME = PostMe;
			};
			name = Release;
		};
/* End XCBuildConfiguration section */

/* Begin XCConfigurationList section */
		320BDD2C267CEBE300F71A70 /* Build configuration list for PBXProject "PostMe" */ = {
			isa = XCConfigurationList;
			buildConfigurations = (
				320BDD59267CEBE500F71A70 /* Debug */,
				320BDD5A267CEBE500F71A70 /* Release */,
			);
			defaultConfigurationIsVisible = 0;
			defaultConfigurationName = Release;
		};
		320BDD5B267CEBE500F71A70 /* Build configuration list for PBXNativeTarget "PostMe" */ = {
			isa = XCConfigurationList;
			buildConfigurations = (
				320BDD5C267CEBE500F71A70 /* Debug */,
				320BDD5D267CEBE500F71A70 /* Release */,
			);
			defaultConfigurationIsVisible = 0;
			defaultConfigurationName = Release;
		};
		320BDD5E267CEBE500F71A70 /* Build configuration list for PBXNativeTarget "PostMeTests" */ = {
			isa = XCConfigurationList;
			buildConfigurations = (
				320BDD5F267CEBE500F71A70 /* Debug */,
				320BDD60267CEBE500F71A70 /* Release */,
			);
			defaultConfigurationIsVisible = 0;
			defaultConfigurationName = Release;
		};
		320BDD61267CEBE500F71A70 /* Build configuration list for PBXNativeTarget "PostMeUITests" */ = {
			isa = XCConfigurationList;
			buildConfigurations = (
				320BDD62267CEBE500F71A70 /* Debug */,
				320BDD63267CEBE500F71A70 /* Release */,
			);
			defaultConfigurationIsVisible = 0;
			defaultConfigurationName = Release;
		};
/* End XCConfigurationList section */
	};
	rootObject = 320BDD29267CEBE300F71A70 /* Project object */;
}
